
Microsoft Visual Studio Solution File, Format Version 12.00
# Visual Studio Version 16
VisualStudioVersion = 16.0.30011.22
MinimumVisualStudioVersion = 10.0.40219.1
Project("{FAE04EC0-301F-11D3-BF4B-00C04F79EFBC}") = "Mang_2_Chieu", "Mang_2_Chieu\Mang_2_Chieu.csproj", "{6905EA0A-6CEF-4C93-B6D7-617757A7B9A6}"
EndProject
Global
	GlobalSection(SolutionConfigurationPlatforms) = preSolution
		Debug|Any CPU = Debug|Any CPU
		Release|Any CPU = Release|Any CPU
	EndGlobalSection
	GlobalSection(ProjectConfigurationPlatforms) = postSolution
		{6905EA0A-6CEF-4C93-B6D7-617757A7B9A6}.Debug|Any CPU.ActiveCfg = Debug|Any CPU
		{6905EA0A-6CEF-4C93-B6D7-617757A7B9A6}.Debug|Any CPU.Build.0 = Debug|Any CPU
		{6905EA0A-6CEF-4C93-B6D7-617757A7B9A6}.Release|Any CPU.ActiveCfg = Release|Any CPU
		{6905EA0A-6CEF-4C93-B6D7-617757A7B9A6}.Release|Any CPU.Build.0 = Release|Any CPU
	EndGlobalSection
	GlobalSection(SolutionProperties) = preSolution
		HideSolutionNode = FALSE
	EndGlobalSection
	GlobalSection(ExtensibilityGlobals) = postSolution
		SolutionGuid = {5123741E-9DC9-4366-8124-56871A328149}
	EndGlobalSection
EndGlobal
