
Microsoft Visual Studio Solution File, Format Version 12.00
# Visual Studio Version 16
VisualStudioVersion = 16.0.30011.22
MinimumVisualStudioVersion = 10.0.40219.1
Project("{FAE04EC0-301F-11D3-BF4B-00C04F79EFBC}") = "Cau_Truc_Lenh_Co_Ban", "Cau_Truc_Lenh_Co_Ban\Cau_Truc_Lenh_Co_Ban.csproj", "{5140D309-8A3C-4D65-9D32-2415E1A5F70F}"
EndProject
Global
	GlobalSection(SolutionConfigurationPlatforms) = preSolution
		Debug|Any CPU = Debug|Any CPU
		Release|Any CPU = Release|Any CPU
	EndGlobalSection
	GlobalSection(ProjectConfigurationPlatforms) = postSolution
		{5140D309-8A3C-4D65-9D32-2415E1A5F70F}.Debug|Any CPU.ActiveCfg = Debug|Any CPU
		{5140D309-8A3C-4D65-9D32-2415E1A5F70F}.Debug|Any CPU.Build.0 = Debug|Any CPU
		{5140D309-8A3C-4D65-9D32-2415E1A5F70F}.Release|Any CPU.ActiveCfg = Release|Any CPU
		{5140D309-8A3C-4D65-9D32-2415E1A5F70F}.Release|Any CPU.Build.0 = Release|Any CPU
	EndGlobalSection
	GlobalSection(SolutionProperties) = preSolution
		HideSolutionNode = FALSE
	EndGlobalSection
	GlobalSection(ExtensibilityGlobals) = postSolution
		SolutionGuid = {9B7EEFE7-9AFC-4BD7-AE6D-B302174272D0}
	EndGlobalSection
EndGlobal
